
Microsoft Visual Studio Solution File, Format Version 12.00
# Visual Studio Version 17
VisualStudioVersion = 17.0.31903.59
MinimumVisualStudioVersion = 10.0.40219.1
Project("{FAE04EC0-301F-11D3-BF4B-00C04F79EFBC}") = "DataBaseContextLibrary", "DataBaseContextLibrary\DataBaseContextLibrary.csproj", "{FB9B558B-C799-424F-9291-CEC75E035D5C}"
EndProject
Project("{FAE04EC0-301F-11D3-BF4B-00C04F79EFBC}") = "StationeryAndSuppliesWebApp", "StationeryAndSuppliesWebApp\StationeryAndSuppliesWebApp.csproj", "{A37A4D86-6119-46DD-AA7C-BA4E8B0F9F84}"
EndProject
Global
	GlobalSection(SolutionConfigurationPlatforms) = preSolution
		Debug|Any CPU = Debug|Any CPU
		Release|Any CPU = Release|Any CPU
	EndGlobalSection
	GlobalSection(ProjectConfigurationPlatforms) = postSolution
		{FB9B558B-C799-424F-9291-CEC75E035D5C}.Debug|Any CPU.ActiveCfg = Debug|Any CPU
		{FB9B558B-C799-424F-9291-CEC75E035D5C}.Debug|Any CPU.Build.0 = Debug|Any CPU
		{FB9B558B-C799-424F-9291-CEC75E035D5C}.Release|Any CPU.ActiveCfg = Release|Any CPU
		{FB9B558B-C799-424F-9291-CEC75E035D5C}.Release|Any CPU.Build.0 = Release|Any CPU
		{A37A4D86-6119-46DD-AA7C-BA4E8B0F9F84}.Debug|Any CPU.ActiveCfg = Debug|Any CPU
		{A37A4D86-6119-46DD-AA7C-BA4E8B0F9F84}.Debug|Any CPU.Build.0 = Debug|Any CPU
		{A37A4D86-6119-46DD-AA7C-BA4E8B0F9F84}.Release|Any CPU.ActiveCfg = Release|Any CPU
		{A37A4D86-6119-46DD-AA7C-BA4E8B0F9F84}.Release|Any CPU.Build.0 = Release|Any CPU
	EndGlobalSection
	GlobalSection(SolutionProperties) = preSolution
		HideSolutionNode = FALSE
	EndGlobalSection
	GlobalSection(ExtensibilityGlobals) = postSolution
		SolutionGuid = {BED6FE3A-8621-4927-927A-979D8308C7BA}
	EndGlobalSection
EndGlobal
